
Microsoft Visual Studio Solution File, Format Version 12.00
# Visual Studio Version 16
VisualStudioVersion = 16.0.32002.261
MinimumVisualStudioVersion = 10.0.40219.1
Project("{FAE04EC0-301F-11D3-BF4B-00C04F79EFBC}") = "lab1_3", "lab1_3\lab1_3.csproj", "{5D51B5EC-D679-4319-9734-48CBF561BD64}"
EndProject
Global
	GlobalSection(SolutionConfigurationPlatforms) = preSolution
		Debug|Any CPU = Debug|Any CPU
		Release|Any CPU = Release|Any CPU
	EndGlobalSection
	GlobalSection(ProjectConfigurationPlatforms) = postSolution
		{5D51B5EC-D679-4319-9734-48CBF561BD64}.Debug|Any CPU.ActiveCfg = Debug|Any CPU
		{5D51B5EC-D679-4319-9734-48CBF561BD64}.Debug|Any CPU.Build.0 = Debug|Any CPU
		{5D51B5EC-D679-4319-9734-48CBF561BD64}.Release|Any CPU.ActiveCfg = Release|Any CPU
		{5D51B5EC-D679-4319-9734-48CBF561BD64}.Release|Any CPU.Build.0 = Release|Any CPU
	EndGlobalSection
	GlobalSection(SolutionProperties) = preSolution
		HideSolutionNode = FALSE
	EndGlobalSection
	GlobalSection(ExtensibilityGlobals) = postSolution
		SolutionGuid = {FDF9099E-262B-4D61-8CB2-43D48198E15E}
	EndGlobalSection
EndGlobal
